PODS:
  - Alamofire (4.7.2)
  - AlamofireObjectMapper (5.0.0):
    - Alamofire (~> 4.1)
    - ObjectMapper (~> 3.0)
  - DataCompression (2.0.1)
  - DropDown (2.3.1)
  - IQKeyboardManagerSwift (6.0.1)
  - ObjectMapper (3.1.0)
  - QRCode (2.0)
  - QRCodeReader.swift (8.1.1)

DEPENDENCIES:
  - Alamofire (~> 4.7)
  - AlamofireObjectMapper (~> 5.0)
  - DataCompression
  - DropDown
  - IQKeyboardManagerSwift
  - QRCode
  - QRCodeReader.swift (~> 8.1.1)

SPEC REPOS:
  https://github.com/CocoaPods/Specs.git:
    - Alamofire
    - AlamofireObjectMapper
    - DataCompression
    - DropDown
    - IQKeyboardManagerSwift
    - ObjectMapper
    - QRCode
    - QRCodeReader.swift

SPEC CHECKSUMS:
  Alamofire: e4fa87002c137ba2d8d634d2c51fabcda0d5c223
  AlamofireObjectMapper: 5fafc816351cbbc0d486611aaeba7461c0cbad49
  DataCompression: 2ee34bbd53d55c37c529785643b6c208f7c87919
  DropDown: 20499c7b2731b0d21609af924e47c7677a2be50d
  IQKeyboardManagerSwift: 748d06e0f8134fc28934031e6377da3cf3d4f38c
  ObjectMapper: 20505058f54e5c3ca69e1d6de9897d152a5369a6
  QRCode: f98a1886c8f37523704a7512a4c0cd45b34c18a4
  QRCodeReader.swift: b164a681887de276d405ff02bce854d82cd6360b

PODFILE CHECKSUM: 8db5a4c0d16a1a4d67ba4c115a3f44c295bb01c1

COCOAPODS: 1.5.0
